// !$*UTF8*$!
{
	archiveVersion = 1;
	classes = {
	};
	objectVersion = 77;
	objects = {

/* Begin PBXBuildFile section */
		34715BEF2EBBA149009928AA /* SettingsView.swift in Sources */ = {isa = PBXBuildFile; fileRef = 34715BDD2EBBA149009928AA /* SettingsView.swift */; };
		34715BF02EBBA149009928AA /* EditContactView.swift in Sources */ = {isa = PBXBuildFile; fileRef = 34715BDC2EBBA149009928AA /* EditContactView.swift */; };
		34715BF32EBBA149009928AA /* ContactDetailView.swift in Sources */ = {isa = PBXBuildFile; fileRef = 34715BDB2EBBA149009928AA /* ContactDetailView.swift */; };
		34715BF42EBBA149009928AA /* AddContactView.swift in Sources */ = {isa = PBXBuildFile; fileRef = 34715BD92EBBA149009928AA /* AddContactView.swift */; };
		34715BF52EBBA149009928AA /* CatchupApp.swift in Sources */ = {isa = PBXBuildFile; fileRef = 34715BE02EBBA149009928AA /* CatchupApp.swift */; };
		34715BF62EBBA149009928AA /* CheckIn.swift in Sources */ = {isa = PBXBuildFile; fileRef = 34715BD12EBBA149009928AA /* CheckIn.swift */; };
		34715BF82EBBA149009928AA /* EmptyStateView.swift in Sources */ = {isa = PBXBuildFile; fileRef = 34715BD62EBBA149009928AA /* EmptyStateView.swift */; };
		34715BFB2EBBA149009928AA /* Contact.swift in Sources */ = {isa = PBXBuildFile; fileRef = 34715BD22EBBA149009928AA /* Contact.swift */; };
		34715BFC2EBBA149009928AA /* NotificationManager.swift in Sources */ = {isa = PBXBuildFile; fileRef = 34715BCF2EBBA149009928AA /* NotificationManager.swift */; };
		34715BFE2EBBA149009928AA /* ContactRowView.swift in Sources */ = {isa = PBXBuildFile; fileRef = 34715BD52EBBA149009928AA /* ContactRowView.swift */; };
		34715C072EBBA58F009928AA /* ContentView.swift in Sources */ = {isa = PBXBuildFile; fileRef = 34715BE12EBBA149009928AA /* ContentView.swift */; };
		34715C192EBBC013009928AA /* CategoryManager.swift in Sources */ = {isa = PBXBuildFile; fileRef = 34715C192EBBC014009928AA /* CategoryManager.swift */; };
		A1B2C3D52F00111100000001 /* WhisperTranscriptionManager.swift in Sources */ = {isa = PBXBuildFile; fileRef = A1B2C3D42F00111100000001 /* WhisperTranscriptionManager.swift */; };
		34715C212EBBD001009928AA /* Assets.xcassets in Resources */ = {isa = PBXBuildFile; fileRef = 34715C202EBBD000009928AA /* Assets.xcassets */; };
/* End PBXBuildFile section */

/* Begin PBXFileReference section */
		34715BBC2EBBA0E7009928AA /* catchup_os.app */ = {isa = PBXFileReference; explicitFileType = wrapper.application; includeInIndex = 0; path = catchup_os.app; sourceTree = BUILT_PRODUCTS_DIR; };
		34715BCC2EBBA149009928AA /* ARCHITECTURE.md */ = {isa = PBXFileReference; lastKnownFileType = net.daringfireball.markdown; path = ARCHITECTURE.md; sourceTree = "<group>"; };
		34715BCF2EBBA149009928AA /* NotificationManager.swift */ = {isa = PBXFileReference; lastKnownFileType = sourcecode.swift; path = NotificationManager.swift; sourceTree = "<group>"; };
		34715BD12EBBA149009928AA /* CheckIn.swift */ = {isa = PBXFileReference; lastKnownFileType = sourcecode.swift; path = CheckIn.swift; sourceTree = "<group>"; };
		34715BD22EBBA149009928AA /* Contact.swift */ = {isa = PBXFileReference; lastKnownFileType = sourcecode.swift; path = Contact.swift; sourceTree = "<group>"; };
		34715BD52EBBA149009928AA /* ContactRowView.swift */ = {isa = PBXFileReference; lastKnownFileType = sourcecode.swift; path = ContactRowView.swift; sourceTree = "<group>"; };
		34715BD62EBBA149009928AA /* EmptyStateView.swift */ = {isa = PBXFileReference; lastKnownFileType = sourcecode.swift; path = EmptyStateView.swift; sourceTree = "<group>"; };
		34715BD92EBBA149009928AA /* AddContactView.swift */ = {isa = PBXFileReference; lastKnownFileType = sourcecode.swift; path = AddContactView.swift; sourceTree = "<group>"; };
		34715BDB2EBBA149009928AA /* ContactDetailView.swift */ = {isa = PBXFileReference; lastKnownFileType = sourcecode.swift; path = ContactDetailView.swift; sourceTree = "<group>"; };
		34715BDC2EBBA149009928AA /* EditContactView.swift */ = {isa = PBXFileReference; lastKnownFileType = sourcecode.swift; path = EditContactView.swift; sourceTree = "<group>"; };
		34715BDD2EBBA149009928AA /* SettingsView.swift */ = {isa = PBXFileReference; lastKnownFileType = sourcecode.swift; path = SettingsView.swift; sourceTree = "<group>"; };
		34715BE02EBBA149009928AA /* CatchupApp.swift */ = {isa = PBXFileReference; lastKnownFileType = sourcecode.swift; path = CatchupApp.swift; sourceTree = "<group>"; };
		34715BE12EBBA149009928AA /* ContentView.swift */ = {isa = PBXFileReference; lastKnownFileType = sourcecode.swift; path = ContentView.swift; sourceTree = "<group>"; };
		34715BE22EBBA149009928AA /* Info.plist */ = {isa = PBXFileReference; lastKnownFileType = text.plist.xml; path = Info.plist; sourceTree = "<group>"; };
		34715BE72EBBA149009928AA /* Package.swift */ = {isa = PBXFileReference; lastKnownFileType = sourcecode.swift; path = Package.swift; sourceTree = "<group>"; };
		34715BE82EBBA149009928AA /* QUICK_START.md */ = {isa = PBXFileReference; lastKnownFileType = net.daringfireball.markdown; path = QUICK_START.md; sourceTree = "<group>"; };
		34715BE92EBBA149009928AA /* README.md */ = {isa = PBXFileReference; lastKnownFileType = net.daringfireball.markdown; path = README.md; sourceTree = "<group>"; };
		34715BEA2EBBA149009928AA /* SETUP_GUIDE.md */ = {isa = PBXFileReference; lastKnownFileType = net.daringfireball.markdown; path = SETUP_GUIDE.md; sourceTree = "<group>"; };
		34715C192EBBC014009928AA /* CategoryManager.swift */ = {isa = PBXFileReference; lastKnownFileType = sourcecode.swift; path = CategoryManager.swift; sourceTree = "<group>"; };
		34715C202EBBD000009928AA /* Assets.xcassets */ = {isa = PBXFileReference; lastKnownFileType = folder.assetcatalog; path = Assets.xcassets; sourceTree = "<group>"; };
		A1B2C3D42F00111100000001 /* WhisperTranscriptionManager.swift */ = {isa = PBXFileReference; lastKnownFileType = sourcecode.swift; path = WhisperTranscriptionManager.swift; sourceTree = "<group>"; };
/* End PBXFileReference section */

/* Begin PBXFrameworksBuildPhase section */
		34715BB92EBBA0E7009928AA /* Frameworks */ = {
			isa = PBXFrameworksBuildPhase;
			buildActionMask = 2147483647;
			files = (
			);
			runOnlyForDeploymentPostprocessing = 0;
		};
/* End PBXFrameworksBuildPhase section */

/* Begin PBXGroup section */
		34715BB32EBBA0E7009928AA = {
			isa = PBXGroup;
			children = (
				34715BE32EBBA149009928AA /* CatchupApp */,
				34715BBD2EBBA0E7009928AA /* Products */,
				34715BCC2EBBA149009928AA /* ARCHITECTURE.md */,
				34715BE72EBBA149009928AA /* Package.swift */,
				34715BE82EBBA149009928AA /* QUICK_START.md */,
				34715BE92EBBA149009928AA /* README.md */,
				34715BEA2EBBA149009928AA /* SETUP_GUIDE.md */,
			);
			sourceTree = "<group>";
		};
		34715BBD2EBBA0E7009928AA /* Products */ = {
			isa = PBXGroup;
			children = (
				34715BBC2EBBA0E7009928AA /* catchup_os.app */,
			);
			name = Products;
			sourceTree = "<group>";
		};
		34715BD02EBBA149009928AA /* Managers */ = {
			isa = PBXGroup;
			children = (
				34715BCF2EBBA149009928AA /* NotificationManager.swift */,
				34715C192EBBC014009928AA /* CategoryManager.swift */,
				A1B2C3D42F00111100000001 /* WhisperTranscriptionManager.swift */,
			);
			path = Managers;
			sourceTree = "<group>";
		};
		34715BD32EBBA149009928AA /* Models */ = {
			isa = PBXGroup;
			children = (
				34715BD12EBBA149009928AA /* CheckIn.swift */,
				34715BD22EBBA149009928AA /* Contact.swift */,
			);
			path = Models;
			sourceTree = "<group>";
		};
		34715BD82EBBA149009928AA /* Components */ = {
			isa = PBXGroup;
			children = (
				34715BD52EBBA149009928AA /* ContactRowView.swift */,
				34715BD62EBBA149009928AA /* EmptyStateView.swift */,
			);
			path = Components;
			sourceTree = "<group>";
		};
		34715BDE2EBBA149009928AA /* Views */ = {
			isa = PBXGroup;
			children = (
				34715BD82EBBA149009928AA /* Components */,
				34715BD92EBBA149009928AA /* AddContactView.swift */,
				34715BDB2EBBA149009928AA /* ContactDetailView.swift */,
				34715BDC2EBBA149009928AA /* EditContactView.swift */,
				34715BDD2EBBA149009928AA /* SettingsView.swift */,
			);
			path = Views;
			sourceTree = "<group>";
		};
		34715BE32EBBA149009928AA /* CatchupApp */ = {
			isa = PBXGroup;
			children = (
				34715C202EBBD000009928AA /* Assets.xcassets */,
				34715BD02EBBA149009928AA /* Managers */,
				34715BD32EBBA149009928AA /* Models */,
				34715BDE2EBBA149009928AA /* Views */,
				34715BE02EBBA149009928AA /* CatchupApp.swift */,
				34715BE12EBBA149009928AA /* ContentView.swift */,
				34715BE22EBBA149009928AA /* Info.plist */,
			);
			path = CatchupApp;
			sourceTree = "<group>";
		};
/* End PBXGroup section */

/* Begin PBXNativeTarget section */
		34715BBB2EBBA0E7009928AA /* catchup_os */ = {
			isa = PBXNativeTarget;
			buildConfigurationList = 34715BC92EBBA0E8009928AA /* Build configuration list for PBXNativeTarget "catchup_os" */;
			buildPhases = (
				34715BB82EBBA0E7009928AA /* Sources */,
				34715BB92EBBA0E7009928AA /* Frameworks */,
				34715BBA2EBBA0E7009928AA /* Resources */,
			);
			buildRules = (
			);
			dependencies = (
			);
			name = catchup_os;
			packageProductDependencies = (
			);
			productName = catchup_os;
			productReference = 34715BBC2EBBA0E7009928AA /* catchup_os.app */;
			productType = "com.apple.product-type.application";
		};
/* End PBXNativeTarget section */

/* Begin PBXProject section */
		34715BB42EBBA0E7009928AA /* Project object */ = {
			isa = PBXProject;
			attributes = {
				BuildIndependentTargetsInParallel = 1;
				LastSwiftUpdateCheck = 2610;
				LastUpgradeCheck = 2610;
				TargetAttributes = {
					34715BBB2EBBA0E7009928AA = {
						CreatedOnToolsVersion = 26.1;
					};
				};
			};
			buildConfigurationList = 34715BB72EBBA0E7009928AA /* Build configuration list for PBXProject "catchup_os" */;
			developmentRegion = en;
			hasScannedForEncodings = 0;
			knownRegions = (
				en,
				Base,
			);
			mainGroup = 34715BB32EBBA0E7009928AA;
			minimizedProjectReferenceProxies = 1;
			preferredProjectObjectVersion = 77;
			productRefGroup = 34715BBD2EBBA0E7009928AA /* Products */;
			projectDirPath = "";
			projectRoot = "";
			targets = (
				34715BBB2EBBA0E7009928AA /* catchup_os */,
			);
		};
/* End PBXProject section */

/* Begin PBXResourcesBuildPhase section */
		34715BBA2EBBA0E7009928AA /* Resources */ = {
			isa = PBXResourcesBuildPhase;
			buildActionMask = 2147483647;
			files = (
				34715C212EBBD001009928AA /* Assets.xcassets in Resources */,
			);
			runOnlyForDeploymentPostprocessing = 0;
		};
/* End PBXResourcesBuildPhase section */

/* Begin PBXSourcesBuildPhase section */
		34715BB82EBBA0E7009928AA /* Sources */ = {
			isa = PBXSourcesBuildPhase;
			buildActionMask = 2147483647;
			files = (
				34715C072EBBA58F009928AA /* ContentView.swift in Sources */,
				34715BEF2EBBA149009928AA /* SettingsView.swift in Sources */,
				34715BF02EBBA149009928AA /* EditContactView.swift in Sources */,
				34715BF32EBBA149009928AA /* ContactDetailView.swift in Sources */,
				34715BF42EBBA149009928AA /* AddContactView.swift in Sources */,
				34715BF52EBBA149009928AA /* CatchupApp.swift in Sources */,
				34715BF62EBBA149009928AA /* CheckIn.swift in Sources */,
				34715BF82EBBA149009928AA /* EmptyStateView.swift in Sources */,
				34715C192EBBC013009928AA /* CategoryManager.swift in Sources */,
				A1B2C3D52F00111100000001 /* WhisperTranscriptionManager.swift in Sources */,
				34715BFB2EBBA149009928AA /* Contact.swift in Sources */,
				34715BFC2EBBA149009928AA /* NotificationManager.swift in Sources */,
				34715BFE2EBBA149009928AA /* ContactRowView.swift in Sources */,
			);
			runOnlyForDeploymentPostprocessing = 0;
		};
/* End PBXSourcesBuildPhase section */

/* Begin XCBuildConfiguration section */
		34715BC72EBBA0E8009928AA /* Debug */ = {
			isa = XCBuildConfiguration;
			buildSettings = {
				ALWAYS_SEARCH_USER_PATHS = NO;
				ASSETCATALOG_COMPILER_GENERATE_SWIFT_ASSET_SYMBOL_EXTENSIONS = YES;
				CLANG_ANALYZER_NONNULL = YES;
				CLANG_ANALYZER_NUMBER_OBJECT_CONVERSION = YES_AGGRESSIVE;
				CLANG_CXX_LANGUAGE_STANDARD = "gnu++20";
				CLANG_ENABLE_MODULES = YES;
				CLANG_ENABLE_OBJC_ARC = YES;
				CLANG_ENABLE_OBJC_WEAK = YES;
				CLANG_WARN_BLOCK_CAPTURE_AUTORELEASING = YES;
				CLANG_WARN_BOOL_CONVERSION = YES;
				CLANG_WARN_COMMA = YES;
				CLANG_WARN_CONSTANT_CONVERSION = YES;
				CLANG_WARN_DEPRECATED_OBJC_IMPLEMENTATIONS = YES;
				CLANG_WARN_DIRECT_OBJC_ISA_USAGE = YES_ERROR;
				CLANG_WARN_DOCUMENTATION_COMMENTS = YES;
				CLANG_WARN_EMPTY_BODY = YES;
				CLANG_WARN_ENUM_CONVERSION = YES;
				CLANG_WARN_INFINITE_RECURSION = YES;
				CLANG_WARN_INT_CONVERSION = YES;
				CLANG_WARN_NON_LITERAL_NULL_CONVERSION = YES;
				CLANG_WARN_OBJC_IMPLICIT_RETAIN_SELF = YES;
				CLANG_WARN_OBJC_LITERAL_CONVERSION = YES;
				CLANG_WARN_OBJC_ROOT_CLASS = YES_ERROR;
				CLANG_WARN_QUOTED_INCLUDE_IN_FRAMEWORK_HEADER = YES;
				CLANG_WARN_RANGE_LOOP_ANALYSIS = YES;
				CLANG_WARN_STRICT_PROTOTYPES = YES;
				CLANG_WARN_SUSPICIOUS_MOVE = YES;
				CLANG_WARN_UNGUARDED_AVAILABILITY = YES_AGGRESSIVE;
				CLANG_WARN_UNREACHABLE_CODE = YES;
				CLANG_WARN__DUPLICATE_METHOD_MATCH = YES;
				COPY_PHASE_STRIP = NO;
				DEBUG_INFORMATION_FORMAT = dwarf;
				ENABLE_STRICT_OBJC_MSGSEND = YES;
				ENABLE_TESTABILITY = YES;
				ENABLE_USER_SCRIPT_SANDBOXING = YES;
				GCC_C_LANGUAGE_STANDARD = gnu17;
				GCC_DYNAMIC_NO_PIC = NO;
				GCC_NO_COMMON_BLOCKS = YES;
				GCC_OPTIMIZATION_LEVEL = 0;
				GCC_PREPROCESSOR_DEFINITIONS = (
					"DEBUG=1",
					"$(inherited)",
				);
				GCC_WARN_64_TO_32_BIT_CONVERSION = YES;
				GCC_WARN_ABOUT_RETURN_TYPE = YES_ERROR;
				GCC_WARN_UNDECLARED_SELECTOR = YES;
				GCC_WARN_UNINITIALIZED_AUTOS = YES_AGGRESSIVE;
				GCC_WARN_UNUSED_FUNCTION = YES;
				GCC_WARN_UNUSED_VARIABLE = YES;
				IPHONEOS_DEPLOYMENT_TARGET = 26.1;
				LOCALIZATION_PREFERS_STRING_CATALOGS = YES;
				MTL_ENABLE_DEBUG_INFO = INCLUDE_SOURCE;
				MTL_FAST_MATH = YES;
				ONLY_ACTIVE_ARCH = YES;
				SDKROOT = iphoneos;
				SWIFT_ACTIVE_COMPILATION_CONDITIONS = "DEBUG $(inherited)";
				SWIFT_OPTIMIZATION_LEVEL = "-Onone";
			};
			name = Debug;
		};
		34715BC82EBBA0E8009928AA /* Release */ = {
			isa = XCBuildConfiguration;
			buildSettings = {
				ALWAYS_SEARCH_USER_PATHS = NO;
				ASSETCATALOG_COMPILER_GENERATE_SWIFT_ASSET_SYMBOL_EXTENSIONS = YES;
				CLANG_ANALYZER_NONNULL = YES;
				CLANG_ANALYZER_NUMBER_OBJECT_CONVERSION = YES_AGGRESSIVE;
				CLANG_CXX_LANGUAGE_STANDARD = "gnu++20";
				CLANG_ENABLE_MODULES = YES;
				CLANG_ENABLE_OBJC_ARC = YES;
				CLANG_ENABLE_OBJC_WEAK = YES;
				CLANG_WARN_BLOCK_CAPTURE_AUTORELEASING = YES;
				CLANG_WARN_BOOL_CONVERSION = YES;
				CLANG_WARN_COMMA = YES;
				CLANG_WARN_CONSTANT_CONVERSION = YES;
				CLANG_WARN_DEPRECATED_OBJC_IMPLEMENTATIONS = YES;
				CLANG_WARN_DIRECT_OBJC_ISA_USAGE = YES_ERROR;
				CLANG_WARN_DOCUMENTATION_COMMENTS = YES;
				CLANG_WARN_EMPTY_BODY = YES;
				CLANG_WARN_ENUM_CONVERSION = YES;
				CLANG_WARN_INFINITE_RECURSION = YES;
				CLANG_WARN_INT_CONVERSION = YES;
				CLANG_WARN_NON_LITERAL_NULL_CONVERSION = YES;
				CLANG_WARN_OBJC_IMPLICIT_RETAIN_SELF = YES;
				CLANG_WARN_OBJC_LITERAL_CONVERSION = YES;
				CLANG_WARN_OBJC_ROOT_CLASS = YES_ERROR;
				CLANG_WARN_QUOTED_INCLUDE_IN_FRAMEWORK_HEADER = YES;
				CLANG_WARN_RANGE_LOOP_ANALYSIS = YES;
				CLANG_WARN_STRICT_PROTOTYPES = YES;
				CLANG_WARN_SUSPICIOUS_MOVE = YES;
				CLANG_WARN_UNGUARDED_AVAILABILITY = YES_AGGRESSIVE;
				CLANG_WARN_UNREACHABLE_CODE = YES;
				CLANG_WARN__DUPLICATE_METHOD_MATCH = YES;
				COPY_PHASE_STRIP = NO;
				DEBUG_INFORMATION_FORMAT = "dwarf-with-dsym";
				ENABLE_NS_ASSERTIONS = NO;
				ENABLE_STRICT_OBJC_MSGSEND = YES;
				ENABLE_USER_SCRIPT_SANDBOXING = YES;
				GCC_C_LANGUAGE_STANDARD = gnu17;
				GCC_NO_COMMON_BLOCKS = YES;
				GCC_WARN_64_TO_32_BIT_CONVERSION = YES;
				GCC_WARN_ABOUT_RETURN_TYPE = YES_ERROR;
				GCC_WARN_UNDECLARED_SELECTOR = YES;
				GCC_WARN_UNINITIALIZED_AUTOS = YES_AGGRESSIVE;
				GCC_WARN_UNUSED_FUNCTION = YES;
				GCC_WARN_UNUSED_VARIABLE = YES;
				IPHONEOS_DEPLOYMENT_TARGET = 26.1;
				LOCALIZATION_PREFERS_STRING_CATALOGS = YES;
				MTL_ENABLE_DEBUG_INFO = NO;
				MTL_FAST_MATH = YES;
				SDKROOT = iphoneos;
				SWIFT_COMPILATION_MODE = wholemodule;
				VALIDATE_PRODUCT = YES;
			};
			name = Release;
		};
		34715BCA2EBBA0E8009928AA /* Debug */ = {
			isa = XCBuildConfiguration;
			buildSettings = {
				ASSETCATALOG_COMPILER_APPICON_NAME = AppIcon;
				ASSETCATALOG_COMPILER_GLOBAL_ACCENT_COLOR_NAME = AccentColor;
				CODE_SIGN_STYLE = Automatic;
				CURRENT_PROJECT_VERSION = 3;
				DEVELOPMENT_TEAM = Q25X2WD6VV;
				ENABLE_PREVIEWS = YES;
				GENERATE_INFOPLIST_FILE = YES;
				INFOPLIST_KEY_CFBundleIconName = AppIcon;
				INFOPLIST_KEY_NSContactsUsageDescription = "We use your contacts to organize private notes by person.";
				INFOPLIST_KEY_NSMicrophoneUsageDescription = "Microphone access lets you dictate contact notes with on-device transcription.";
				INFOPLIST_KEY_NSSpeechRecognitionUsageDescription = "Speech recognition is used locally to transcribe your recorded notes.";
				INFOPLIST_KEY_NSUserNotificationsUsageDescription = "We send annual birthday reminders for contacts with birthdays.";
				INFOPLIST_KEY_UIApplicationSceneManifest_Generation = YES;
				INFOPLIST_KEY_UIApplicationSupportsIndirectInputEvents = YES;
				INFOPLIST_KEY_UILaunchScreen_Generation = YES;
				INFOPLIST_KEY_UISupportedInterfaceOrientations_iPad = "UIInterfaceOrientationPortrait UIInterfaceOrientationPortraitUpsideDown UIInterfaceOrientationLandscapeLeft UIInterfaceOrientationLandscapeRight";
				INFOPLIST_KEY_UISupportedInterfaceOrientations_iPhone = "UIInterfaceOrientationPortrait UIInterfaceOrientationLandscapeLeft UIInterfaceOrientationLandscapeRight";
				LD_RUNPATH_SEARCH_PATHS = (
					"$(inherited)",
					"@executable_path/Frameworks",
				);
				MARKETING_VERSION = 1.0;
				PRODUCT_BUNDLE_IDENTIFIER = rayoudev.catchup;
				PRODUCT_NAME = "$(TARGET_NAME)";
				STRING_CATALOG_GENERATE_SYMBOLS = YES;
				SWIFT_APPROACHABLE_CONCURRENCY = YES;
				SWIFT_DEFAULT_ACTOR_ISOLATION = MainActor;
				SWIFT_EMIT_LOC_STRINGS = YES;
				SWIFT_UPCOMING_FEATURE_MEMBER_IMPORT_VISIBILITY = YES;
				SWIFT_VERSION = 5.0;
				TARGETED_DEVICE_FAMILY = "1,2";
			};
			name = Debug;
		};
		34715BCB2EBBA0E8009928AA /* Release */ = {
			isa = XCBuildConfiguration;
			buildSettings = {
				ASSETCATALOG_COMPILER_APPICON_NAME = AppIcon;
				ASSETCATALOG_COMPILER_GLOBAL_ACCENT_COLOR_NAME = AccentColor;
				CODE_SIGN_STYLE = Automatic;
				CURRENT_PROJECT_VERSION = 3;
				DEVELOPMENT_TEAM = Q25X2WD6VV;
				ENABLE_PREVIEWS = YES;
				GENERATE_INFOPLIST_FILE = YES;
				INFOPLIST_KEY_CFBundleIconName = AppIcon;
				INFOPLIST_KEY_NSContactsUsageDescription = "We use your contacts to organize private notes by person.";
				INFOPLIST_KEY_NSMicrophoneUsageDescription = "Microphone access lets you dictate contact notes with on-device transcription.";
				INFOPLIST_KEY_NSSpeechRecognitionUsageDescription = "Speech recognition is used locally to transcribe your recorded notes.";
				INFOPLIST_KEY_NSUserNotificationsUsageDescription = "We send annual birthday reminders for contacts with birthdays.";
				INFOPLIST_KEY_UIApplicationSceneManifest_Generation = YES;
				INFOPLIST_KEY_UIApplicationSupportsIndirectInputEvents = YES;
				INFOPLIST_KEY_UILaunchScreen_Generation = YES;
				INFOPLIST_KEY_UISupportedInterfaceOrientations_iPad = "UIInterfaceOrientationPortrait UIInterfaceOrientationPortraitUpsideDown UIInterfaceOrientationLandscapeLeft UIInterfaceOrientationLandscapeRight";
				INFOPLIST_KEY_UISupportedInterfaceOrientations_iPhone = "UIInterfaceOrientationPortrait UIInterfaceOrientationLandscapeLeft UIInterfaceOrientationLandscapeRight";
				LD_RUNPATH_SEARCH_PATHS = (
					"$(inherited)",
					"@executable_path/Frameworks",
				);
				MARKETING_VERSION = 1.0;
				PRODUCT_BUNDLE_IDENTIFIER = rayoudev.catchup;
				PRODUCT_NAME = "$(TARGET_NAME)";
				STRING_CATALOG_GENERATE_SYMBOLS = YES;
				SWIFT_APPROACHABLE_CONCURRENCY = YES;
				SWIFT_DEFAULT_ACTOR_ISOLATION = MainActor;
				SWIFT_EMIT_LOC_STRINGS = YES;
				SWIFT_UPCOMING_FEATURE_MEMBER_IMPORT_VISIBILITY = YES;
				SWIFT_VERSION = 5.0;
				TARGETED_DEVICE_FAMILY = "1,2";
			};
			name = Release;
		};
/* End XCBuildConfiguration section */

/* Begin XCConfigurationList section */
		34715BB72EBBA0E7009928AA /* Build configuration list for PBXProject "catchup_os" */ = {
			isa = XCConfigurationList;
			buildConfigurations = (
				34715BC72EBBA0E8009928AA /* Debug */,
				34715BC82EBBA0E8009928AA /* Release */,
			);
			defaultConfigurationIsVisible = 0;
			defaultConfigurationName = Release;
		};
		34715BC92EBBA0E8009928AA /* Build configuration list for PBXNativeTarget "catchup_os" */ = {
			isa = XCConfigurationList;
			buildConfigurations = (
				34715BCA2EBBA0E8009928AA /* Debug */,
				34715BCB2EBBA0E8009928AA /* Release */,
			);
			defaultConfigurationIsVisible = 0;
			defaultConfigurationName = Release;
		};
/* End XCConfigurationList section */
	};
	rootObject = 34715BB42EBBA0E7009928AA /* Project object */;
}
